
Microsoft Visual Studio Solution File, Format Version 12.00
# Visual Studio Version 17
VisualStudioVersion = 17.2.32630.192
MinimumVisualStudioVersion = 10.0.40219.1
Project("{FAE04EC0-301F-11D3-BF4B-00C04F79EFBC}") = "LoggerLibrary", "LoggerLibrary\LoggerLibrary.csproj", "{F6D9713A-0F65-4E07-9B3D-02AC32C7E58B}"
EndProject
Project("{FAE04EC0-301F-11D3-BF4B-00C04F79EFBC}") = "WpfApp1", "WpfApp1\WpfApp1.csproj", "{03FE1ABC-CFC5-42B7-B9C0-CCF64509ED83}"
EndProject
Global
	GlobalSection(SolutionConfigurationPlatforms) = preSolution
		Debug|Any CPU = Debug|Any CPU
		Release|Any CPU = Release|Any CPU
	EndGlobalSection
	GlobalSection(ProjectConfigurationPlatforms) = postSolution
		{F6D9713A-0F65-4E07-9B3D-02AC32C7E58B}.Debug|Any CPU.ActiveCfg = Debug|Any CPU
		{F6D9713A-0F65-4E07-9B3D-02AC32C7E58B}.Debug|Any CPU.Build.0 = Debug|Any CPU
		{F6D9713A-0F65-4E07-9B3D-02AC32C7E58B}.Release|Any CPU.ActiveCfg = Release|Any CPU
		{F6D9713A-0F65-4E07-9B3D-02AC32C7E58B}.Release|Any CPU.Build.0 = Release|Any CPU
		{03FE1ABC-CFC5-42B7-B9C0-CCF64509ED83}.Debug|Any CPU.ActiveCfg = Debug|Any CPU
		{03FE1ABC-CFC5-42B7-B9C0-CCF64509ED83}.Debug|Any CPU.Build.0 = Debug|Any CPU
		{03FE1ABC-CFC5-42B7-B9C0-CCF64509ED83}.Release|Any CPU.ActiveCfg = Release|Any CPU
		{03FE1ABC-CFC5-42B7-B9C0-CCF64509ED83}.Release|Any CPU.Build.0 = Release|Any CPU
	EndGlobalSection
	GlobalSection(SolutionProperties) = preSolution
		HideSolutionNode = FALSE
	EndGlobalSection
	GlobalSection(ExtensibilityGlobals) = postSolution
		SolutionGuid = {FE73A116-8755-4562-A143-45FF31088CD6}
	EndGlobalSection
EndGlobal
